
Microsoft Visual Studio Solution File, Format Version 11.00
# Visual C++ Express 2010
Project("{8BC9CEB8-8B4A-11D0-8D11-00A0C91BC942}") = "flex计算器", "flex计算器.vcxproj", "{790718A0-55D5-765D-17B2-9A55355CDAA7}"
EndProject
Global
	GlobalSection(SolutionConfigurationPlatforms) = preSolution
		Debug|Win32 = Debug|Win32
		Release|Win32 = Release|Win32
	EndGlobalSection
	GlobalSection(ProjectConfigurationPlatforms) = postSolution
		{790718A0-55D5-765D-17B2-9A55355CDAA7}.Debug|Win32.ActiveCfg = Debug|Win32
		{790718A0-55D5-765D-17B2-9A55355CDAA7}.Debug|Win32.Build.0 = Debug|Win32
		{790718A0-55D5-765D-17B2-9A55355CDAA7}.Release|Win32.ActiveCfg = Release|Win32
		{790718A0-55D5-765D-17B2-9A55355CDAA7}.Release|Win32.Build.0 = Release|Win32
	EndGlobalSection
	GlobalSection(SolutionProperties) = preSolution
		HideSolutionNode = FALSE
	EndGlobalSection
EndGlobal
